
Microsoft Visual Studio Solution File, Format Version 12.00
# Visual Studio Version 17
VisualStudioVersion = 17.1.31911.260
MinimumVisualStudioVersion = 10.0.40219.1
Project("{FAE04EC0-301F-11D3-BF4B-00C04F79EFBC}") = "HalloEF.Data", "HalloEF.Data\HalloEF.Data.csproj", "{43FDD36C-7464-4C80-A71D-361130F545B1}"
EndProject
Project("{FAE04EC0-301F-11D3-BF4B-00C04F79EFBC}") = "HalloEF.WinForms", "HalloEF.WinForms\HalloEF.WinForms.csproj", "{93AED6BA-3E3E-42FC-998C-28CBA648D9E2}"
EndProject
Global
	GlobalSection(SolutionConfigurationPlatforms) = preSolution
		Debug|Any CPU = Debug|Any CPU
		Release|Any CPU = Release|Any CPU
	EndGlobalSection
	GlobalSection(ProjectConfigurationPlatforms) = postSolution
		{43FDD36C-7464-4C80-A71D-361130F545B1}.Debug|Any CPU.ActiveCfg = Debug|Any CPU
		{43FDD36C-7464-4C80-A71D-361130F545B1}.Debug|Any CPU.Build.0 = Debug|Any CPU
		{43FDD36C-7464-4C80-A71D-361130F545B1}.Release|Any CPU.ActiveCfg = Release|Any CPU
		{43FDD36C-7464-4C80-A71D-361130F545B1}.Release|Any CPU.Build.0 = Release|Any CPU
		{93AED6BA-3E3E-42FC-998C-28CBA648D9E2}.Debug|Any CPU.ActiveCfg = Debug|Any CPU
		{93AED6BA-3E3E-42FC-998C-28CBA648D9E2}.Debug|Any CPU.Build.0 = Debug|Any CPU
		{93AED6BA-3E3E-42FC-998C-28CBA648D9E2}.Release|Any CPU.ActiveCfg = Release|Any CPU
		{93AED6BA-3E3E-42FC-998C-28CBA648D9E2}.Release|Any CPU.Build.0 = Release|Any CPU
	EndGlobalSection
	GlobalSection(SolutionProperties) = preSolution
		HideSolutionNode = FALSE
	EndGlobalSection
	GlobalSection(ExtensibilityGlobals) = postSolution
		SolutionGuid = {68A23C19-A836-46F5-8CE5-98FC33E12E3F}
	EndGlobalSection
EndGlobal
